
Microsoft Visual Studio Solution File, Format Version 12.00
# Visual Studio Version 16
VisualStudioVersion = 16.0.29728.190
MinimumVisualStudioVersion = 10.0.40219.1
Project("{FAE04EC0-301F-11D3-BF4B-00C04F79EFBC}") = "Hieu_Phong-Vu_Sec003_Ex01", "Hieu_Phong-Vu_Sec003_Ex01\Hieu_Phong-Vu_Sec003_Ex01.csproj", "{4E2572A9-0FCB-4D3C-B741-B40F24F7DB5C}"
EndProject
Project("{FAE04EC0-301F-11D3-BF4B-00C04F79EFBC}") = "Hieu_Phong-Vu_Sec003_Ex02", "Hieu_Phong-Vu_Sec003_Ex02\Hieu_Phong-Vu_Sec003_Ex02.csproj", "{43549692-096A-487A-A6AB-E3113364AA0B}"
EndProject
Global
	GlobalSection(SolutionConfigurationPlatforms) = preSolution
		Debug|Any CPU = Debug|Any CPU
		Release|Any CPU = Release|Any CPU
	EndGlobalSection
	GlobalSection(ProjectConfigurationPlatforms) = postSolution
		{4E2572A9-0FCB-4D3C-B741-B40F24F7DB5C}.Debug|Any CPU.ActiveCfg = Debug|Any CPU
		{4E2572A9-0FCB-4D3C-B741-B40F24F7DB5C}.Debug|Any CPU.Build.0 = Debug|Any CPU
		{4E2572A9-0FCB-4D3C-B741-B40F24F7DB5C}.Release|Any CPU.ActiveCfg = Release|Any CPU
		{4E2572A9-0FCB-4D3C-B741-B40F24F7DB5C}.Release|Any CPU.Build.0 = Release|Any CPU
		{43549692-096A-487A-A6AB-E3113364AA0B}.Debug|Any CPU.ActiveCfg = Debug|Any CPU
		{43549692-096A-487A-A6AB-E3113364AA0B}.Debug|Any CPU.Build.0 = Debug|Any CPU
		{43549692-096A-487A-A6AB-E3113364AA0B}.Release|Any CPU.ActiveCfg = Release|Any CPU
		{43549692-096A-487A-A6AB-E3113364AA0B}.Release|Any CPU.Build.0 = Release|Any CPU
	EndGlobalSection
	GlobalSection(SolutionProperties) = preSolution
		HideSolutionNode = FALSE
	EndGlobalSection
	GlobalSection(ExtensibilityGlobals) = postSolution
		SolutionGuid = {F4796F2B-FEB1-4FD6-8E97-99AA6BA1BC77}
	EndGlobalSection
EndGlobal
